# This file is automatically @generated by Cargo.
# It is not intended for manual editing.
version = 4

[[package]]
name = "aarch64-cpu"
version = "10.0.0"
source = "registry+https://github.com/rust-lang/crates.io-index"
checksum = "6a21cd0131c25c438e19cd6a774adf7e3f64f7f4d723022882facc2dee0f8bc9"
dependencies = [
 "tock-registers",
]

[[package]]
name = "abi-singleton"
version = "0.3.0"
source = "registry+https://github.com/rust-lang/crates.io-index"
checksum = "dbdf894742ece5360a74aa8278c42e0f305aa9f7c35d43ebc9cceca105f7e434"
dependencies = [
 "proc-macro2",
 "quote",
 "syn 2.0.96",
]

[[package]]
name = "accessor"
version = "0.3.3"
source = "registry+https://github.com/rust-lang/crates.io-index"
checksum = "bd8b2abd55bf1f9cffbf00fd594566c51a9d31402553284920c1309ca8351086"

[[package]]
name = "ansi_rgb"
version = "0.2.0"
source = "registry+https://github.com/rust-lang/crates.io-index"
checksum = "a730095eb14ee842a0f1e68504b85c8d4a19b1ef2ac2a9b4debf0ed982f9b08a"
dependencies = [
 "rgb",
]

[[package]]
name = "anyhow"
version = "1.0.96"
source = "registry+https://github.com/rust-lang/crates.io-index"
checksum = "6b964d184e89d9b6b67dd2715bc8e74cf3107fb2b529990c90cf517326150bf4"

[[package]]
name = "arm-gic-driver"
version = "0.6.1"
source = "registry+https://github.com/rust-lang/crates.io-index"
checksum = "89c6858a856f5376a59472cd97a2c8155e4a4e40baf3321b2c072970d98374d6"
dependencies = [
 "aarch64-cpu",
 "bitflags",
 "enum_dispatch",
 "log",
 "rdif-intc",
 "tock-registers",
]

[[package]]
name = "arm-pl011-rs"
version = "0.2.0"
source = "registry+https://github.com/rust-lang/crates.io-index"
checksum = "876d8b1707dc1e8b07936ef9a8177a59eec7d0c850d54e0eb5fec705e3de05fa"
dependencies = [
 "bitflags",
 "embedded-io",
 "embedded-io-async",
 "spin_on",
 "tock-registers",
]

[[package]]
name = "arm_pl031"
version = "0.2.1"
source = "registry+https://github.com/rust-lang/crates.io-index"
checksum = "13696b1c2b59992f4223e0ae5bb173c81c63039367ca90eee845346ad2a13421"
dependencies = [
 "chrono",
]

[[package]]
name = "arrayvec"
version = "0.7.6"
source = "registry+https://github.com/rust-lang/crates.io-index"
checksum = "7c02d123df017efcdfbd739ef81735b36c5ba83ec3c59c80a9d7ecc718f92e50"

[[package]]
name = "autocfg"
version = "1.4.0"
source = "registry+https://github.com/rust-lang/crates.io-index"
checksum = "ace50bade8e6234aa140d9a2f552bbee1db4d353f69b8217bc503490fc1a9f26"

[[package]]
name = "bare-test"
version = "0.4.0"
source = "registry+https://github.com/rust-lang/crates.io-index"
checksum = "ba45dd3a6a924749393fad3fd2d307615a3b9b1aa008314ea515f6e29ea3c95e"
dependencies = [
 "bare-test-macros",
 "log",
 "sparreal-kernel",
 "sparreal-macros 0.8.1",
 "sparreal-rt",
]

[[package]]
name = "bare-test-macros"
version = "0.2.0"
source = "registry+https://github.com/rust-lang/crates.io-index"
checksum = "e585a01076fee271c5aabcf36212acb349fb3e638561d842fffa8ca013f4fdd8"
dependencies = [
 "proc-macro2",
 "quote",
 "syn 2.0.96",
]

[[package]]
name = "bit_field"
version = "0.10.2"
source = "registry+https://github.com/rust-lang/crates.io-index"
checksum = "dc827186963e592360843fb5ba4b973e145841266c1357f7180c43526f2e5b61"

[[package]]
name = "bitflags"
version = "2.8.0"
source = "registry+https://github.com/rust-lang/crates.io-index"
checksum = "8f68f53c83ab957f72c32642f3868eec03eb974d1fb82e453128456482613d36"

[[package]]
name = "buddy_system_allocator"
version = "0.11.0"
source = "registry+https://github.com/rust-lang/crates.io-index"
checksum = "a1a0108968a3a2dab95b089c0fc3f1afa7759aa5ebe6f1d86d206d6f7ba726eb"
dependencies = [
 "spin",
]

[[package]]
name = "byte-unit"
version = "5.1.6"
source = "registry+https://github.com/rust-lang/crates.io-index"
checksum = "e1cd29c3c585209b0cbc7309bfe3ed7efd8c84c21b7af29c8bfae908f8777174"
dependencies = [
 "rust_decimal",
 "utf8-width",
]

[[package]]
name = "bytemuck"
version = "1.21.0"
source = "registry+https://github.com/rust-lang/crates.io-index"
checksum = "ef657dfab802224e671f5818e9a4935f9b1957ed18e58292690cc39e7a4092a3"

[[package]]
name = "chrono"
version = "0.4.39"
source = "registry+https://github.com/rust-lang/crates.io-index"
checksum = "7e36cc9d416881d2e24f9a963be5fb1cd90966419ac844274161d10488b3e825"
dependencies = [
 "num-traits",
]

[[package]]
name = "crab-usb"
version = "0.1.0"
dependencies = [
 "bare-test",
 "bare-test-macros",
 "bitflags",
 "byte-unit",
 "crossbeam",
 "crossbeam-skiplist",
 "dma-api",
 "futures",
 "log",
 "nb",
 "num_enum",
 "pcie",
 "spin",
 "spin_on",
 "thiserror",
 "tock-registers",
 "xhci",
]

[[package]]
name = "crossbeam"
version = "0.8.4"
source = "registry+https://github.com/rust-lang/crates.io-index"
checksum = "1137cd7e7fc0fb5d3c5a8678be38ec56e819125d8d7907411fe24ccb943faca8"
dependencies = [
 "crossbeam-epoch",
 "crossbeam-queue",
 "crossbeam-utils",
]

[[package]]
name = "crossbeam-epoch"
version = "0.9.18"
source = "registry+https://github.com/rust-lang/crates.io-index"
checksum = "5b82ac4a3c2ca9c3460964f020e1402edd5753411d7737aa39c3714ad1b5420e"
dependencies = [
 "crossbeam-utils",
]

[[package]]
name = "crossbeam-queue"
version = "0.3.12"
source = "registry+https://github.com/rust-lang/crates.io-index"
checksum = "0f58bbc28f91df819d0aa2a2c00cd19754769c2fad90579b3592b1c9ba7a3115"
dependencies = [
 "crossbeam-utils",
]

[[package]]
name = "crossbeam-skiplist"
version = "0.1.3"
source = "registry+https://github.com/rust-lang/crates.io-index"
checksum = "df29de440c58ca2cc6e587ec3d22347551a32435fbde9d2bff64e78a9ffa151b"
dependencies = [
 "crossbeam-epoch",
 "crossbeam-utils",
]

[[package]]
name = "crossbeam-utils"
version = "0.8.21"
source = "registry+https://github.com/rust-lang/crates.io-index"
checksum = "d0a5c400df2834b80a4c3327b3aad3a4c4cd4de0629063962b03235697506a28"

[[package]]
name = "darling"
version = "0.20.10"
source = "registry+https://github.com/rust-lang/crates.io-index"
checksum = "6f63b86c8a8826a49b8c21f08a2d07338eec8d900540f8630dc76284be802989"
dependencies = [
 "darling_core",
 "darling_macro",
]

[[package]]
name = "darling_core"
version = "0.20.10"
source = "registry+https://github.com/rust-lang/crates.io-index"
checksum = "95133861a8032aaea082871032f5815eb9e98cef03fa916ab4500513994df9e5"
dependencies = [
 "fnv",
 "ident_case",
 "proc-macro2",
 "quote",
 "strsim",
 "syn 2.0.96",
]

[[package]]
name = "darling_macro"
version = "0.20.10"
source = "registry+https://github.com/rust-lang/crates.io-index"
checksum = "d336a2a514f6ccccaa3e09b02d41d35330c07ddf03a62165fcec10bb561c7806"
dependencies = [
 "darling_core",
 "quote",
 "syn 2.0.96",
]

[[package]]
name = "dma-api"
version = "0.2.2"
source = "registry+https://github.com/rust-lang/crates.io-index"
checksum = "624f4a84cc1031cfceb56780b82570a785f6cfdcee4f34c06c4e8f1fba25c970"

[[package]]
name = "embedded-io"
version = "0.6.1"
source = "registry+https://github.com/rust-lang/crates.io-index"
checksum = "edd0f118536f44f5ccd48bcb8b111bdc3de888b58c74639dfb034a357d0f206d"

[[package]]
name = "embedded-io-async"
version = "0.6.1"
source = "registry+https://github.com/rust-lang/crates.io-index"
checksum = "3ff09972d4073aa8c299395be75161d582e7629cd663171d62af73c8d50dba3f"
dependencies = [
 "embedded-io",
]

[[package]]
name = "enum_dispatch"
version = "0.3.13"
source = "registry+https://github.com/rust-lang/crates.io-index"
checksum = "aa18ce2bc66555b3218614519ac839ddb759a7d6720732f979ef8d13be147ecd"
dependencies = [
 "once_cell",
 "proc-macro2",
 "quote",
 "syn 2.0.96",
]

[[package]]
name = "fdt-parser"
version = "0.4.10"
source = "registry+https://github.com/rust-lang/crates.io-index"
checksum = "f6ce5f2349481622d853a132241a102974317337ec643670a830e4194cb71181"

[[package]]
name = "fnv"
version = "1.0.7"
source = "registry+https://github.com/rust-lang/crates.io-index"
checksum = "3f9eec918d3f24069decb9af1554cad7c880e2da24a9afd88aca000531ab82c1"

[[package]]
name = "futures"
version = "0.3.31"
source = "registry+https://github.com/rust-lang/crates.io-index"
checksum = "65bc07b1a8bc7c85c5f2e110c476c7389b4554ba72af57d8445ea63a576b0876"
dependencies = [
 "futures-channel",
 "futures-core",
 "futures-io",
 "futures-sink",
 "futures-task",
 "futures-util",
]

[[package]]
name = "futures-channel"
version = "0.3.31"
source = "registry+https://github.com/rust-lang/crates.io-index"
checksum = "2dff15bf788c671c1934e366d07e30c1814a8ef514e1af724a602e8a2fbe1b10"
dependencies = [
 "futures-core",
 "futures-sink",
]

[[package]]
name = "futures-core"
version = "0.3.31"
source = "registry+https://github.com/rust-lang/crates.io-index"
checksum = "05f29059c0c2090612e8d742178b0580d2dc940c837851ad723096f87af6663e"

[[package]]
name = "futures-io"
version = "0.3.31"
source = "registry+https://github.com/rust-lang/crates.io-index"
checksum = "9e5c1b78ca4aae1ac06c48a526a655760685149f0d465d21f37abfe57ce075c6"

[[package]]
name = "futures-sink"
version = "0.3.31"
source = "registry+https://github.com/rust-lang/crates.io-index"
checksum = "e575fab7d1e0dcb8d0c7bcf9a63ee213816ab51902e6d244a95819acacf1d4f7"

[[package]]
name = "futures-task"
version = "0.3.31"
source = "registry+https://github.com/rust-lang/crates.io-index"
checksum = "f90f7dce0722e95104fcb095585910c0977252f286e354b5e3bd38902cd99988"

[[package]]
name = "futures-util"
version = "0.3.31"
source = "registry+https://github.com/rust-lang/crates.io-index"
checksum = "9fa08315bb612088cc391249efdc3bc77536f16c91f6cf495e6fbe85b20a4a81"
dependencies = [
 "futures-core",
 "futures-sink",
 "futures-task",
 "pin-project-lite",
 "pin-utils",
]

[[package]]
name = "ident_case"
version = "1.0.1"
source = "registry+https://github.com/rust-lang/crates.io-index"
checksum = "b9e0384b61958566e926dc50660321d12159025e767c18e043daf26b70104c39"

[[package]]
name = "lazy_static"
version = "1.5.0"
source = "registry+https://github.com/rust-lang/crates.io-index"
checksum = "bbd2bcb4c963f2ddae06a2efc7e9f3591312473c50c6685e1f298068316e66fe"
dependencies = [
 "spin",
]

[[package]]
name = "lock_api"
version = "0.4.12"
source = "registry+https://github.com/rust-lang/crates.io-index"
checksum = "07af8b9cdd281b7915f413fa73f29ebd5d55d0d3f0155584dade1ff18cea1b17"
dependencies = [
 "autocfg",
 "scopeguard",
]

[[package]]
name = "log"
version = "0.4.25"
source = "registry+https://github.com/rust-lang/crates.io-index"
checksum = "04cbf5b083de1c7e0222a7a51dbfdba1cbe1c6ab0b15e29fff3f6c077fd9cd9f"

[[package]]
name = "memory_addr"
version = "0.3.1"
source = "registry+https://github.com/rust-lang/crates.io-index"
checksum = "6f769efcf10b9dfb4c913bebb409cda77b1a3f072b249bf5465e250bcb30eb49"

[[package]]
name = "nb"
version = "1.1.0"
source = "registry+https://github.com/rust-lang/crates.io-index"
checksum = "8d5439c4ad607c3c23abf66de8c8bf57ba8adcd1f129e699851a6e43935d339d"

[[package]]
name = "num-derive"
version = "0.3.3"
source = "registry+https://github.com/rust-lang/crates.io-index"
checksum = "876a53fff98e03a936a674b29568b0e605f06b29372c2489ff4de23f1949743d"
dependencies = [
 "proc-macro2",
 "quote",
 "syn 1.0.109",
]

[[package]]
name = "num-traits"
version = "0.2.19"
source = "registry+https://github.com/rust-lang/crates.io-index"
checksum = "071dfc062690e90b734c0b2273ce72ad0ffa95f0c74596bc250dcfd960262841"
dependencies = [
 "autocfg",
]

[[package]]
name = "num_enum"
version = "0.7.3"
source = "registry+https://github.com/rust-lang/crates.io-index"
checksum = "4e613fc340b2220f734a8595782c551f1250e969d87d3be1ae0579e8d4065179"
dependencies = [
 "num_enum_derive",
]

[[package]]
name = "num_enum_derive"
version = "0.7.3"
source = "registry+https://github.com/rust-lang/crates.io-index"
checksum = "af1844ef2428cc3e1cb900be36181049ef3d3193c63e43026cfe202983b27a56"
dependencies = [
 "proc-macro2",
 "quote",
 "syn 2.0.96",
]

[[package]]
name = "once_cell"
version = "1.20.3"
source = "registry+https://github.com/rust-lang/crates.io-index"
checksum = "945462a4b81e43c4e3ba96bd7b49d834c6f61198356aa858733bc4acf3cbe62e"

[[package]]
name = "page-table-arm"
version = "0.1.0"
source = "registry+https://github.com/rust-lang/crates.io-index"
checksum = "acf197095e2be67e34ecec01c1bc645e8e1c4eb8736ecb9eaf47419fe00cbfcf"
dependencies = [
 "aarch64-cpu",
 "bitflags",
 "log",
]

[[package]]
name = "page-table-generic"
version = "0.5.3"
source = "registry+https://github.com/rust-lang/crates.io-index"
checksum = "827063f64bbad7b7655092b0f98824ffbe85e89646388eb4dad1e3d797056a2f"
dependencies = [
 "bitflags",
 "log",
 "thiserror",
]

[[package]]
name = "paste"
version = "1.0.15"
source = "registry+https://github.com/rust-lang/crates.io-index"
checksum = "57c0d7b74b563b49d38dae00a0c37d4d6de9b432382b2892f0574ddcae73fd0a"

[[package]]
name = "pasts"
version = "0.14.3"
source = "registry+https://github.com/rust-lang/crates.io-index"
checksum = "efcd36303871fb977a47dabc9af736c75c492bb32a92fa26262b2741531e97ce"

[[package]]
name = "pci_types"
version = "0.10.0"
source = "registry+https://github.com/rust-lang/crates.io-index"
checksum = "c4325c6aa3cca3373503b1527e75756f9fbfe5fd76be4b4c8a143ee47430b8e0"
dependencies = [
 "bit_field",
 "bitflags",
]

[[package]]
name = "pcie"
version = "0.2.7"
source = "registry+https://github.com/rust-lang/crates.io-index"
checksum = "63e45cda4b8ef9f2a8dae7cf5b58c11b41d35fbe62a4d9693fd2d143225fbf44"
dependencies = [
 "bit_field",
 "bitflags",
 "log",
 "pci_types",
 "sparreal-macros 0.0.5",
]

[[package]]
name = "pin-project-lite"
version = "0.2.16"
source = "registry+https://github.com/rust-lang/crates.io-index"
checksum = "3b3cff922bd51709b605d9ead9aa71031d81447142d828eb4a6eba76fe619f9b"

[[package]]
name = "pin-utils"
version = "0.1.0"
source = "registry+https://github.com/rust-lang/crates.io-index"
checksum = "8b870d8c151b6f2fb93e84a13146138f05d02ed11c7e7c54f8826aaaf7c9f184"

[[package]]
name = "proc-macro2"
version = "1.0.93"
source = "registry+https://github.com/rust-lang/crates.io-index"
checksum = "60946a68e5f9d28b0dc1c21bb8a97ee7d018a8b322fa57838ba31cc878e22d99"
dependencies = [
 "unicode-ident",
]

[[package]]
name = "quote"
version = "1.0.38"
source = "registry+https://github.com/rust-lang/crates.io-index"
checksum = "0e4dccaaaf89514f546c693ddc140f729f958c247918a13380cccc6078391acc"
dependencies = [
 "proc-macro2",
]

[[package]]
name = "rdif-base"
version = "0.1.4"
source = "registry+https://github.com/rust-lang/crates.io-index"
checksum = "f1525e2b3fb72098cb2b882ded25829fb68f153f6408fa4a27fbba5098f890ac"

[[package]]
name = "rdif-intc"
version = "0.1.3"
source = "registry+https://github.com/rust-lang/crates.io-index"
checksum = "a4ee8e9f033c304ef421162ef6daddf6144c00c3e99e65cb0d9e1ccc2cca752f"
dependencies = [
 "rdif-base",
]

[[package]]
name = "rdif-timer"
version = "0.1.3"
source = "registry+https://github.com/rust-lang/crates.io-index"
checksum = "f89c25a89f38ad5a79dc06b1c8df15a22420800da18b964302b57b8ae461089e"
dependencies = [
 "rdif-base",
]

[[package]]
name = "rdrive"
version = "0.1.6"
source = "registry+https://github.com/rust-lang/crates.io-index"
checksum = "650a841bcc84985163fa416e608836e4366912e6d330344be50486ddd028d389"
dependencies = [
 "fdt-parser",
 "log",
 "rdif-base",
 "rdif-intc",
 "rdif-timer",
 "spin",
 "thiserror",
]

[[package]]
name = "rdrive-macro-utils"
version = "0.1.1"
source = "registry+https://github.com/rust-lang/crates.io-index"
checksum = "56608f659dc99a1bdcf648c0f84c2bfe2bce40e0a3d8ab704291db5f822705fc"
dependencies = [
 "proc-macro2",
 "quote",
 "syn 2.0.96",
]

[[package]]
name = "rgb"
version = "0.8.50"
source = "registry+https://github.com/rust-lang/crates.io-index"
checksum = "57397d16646700483b67d2dd6511d79318f9d057fdbd21a4066aeac8b41d310a"
dependencies = [
 "bytemuck",
]

[[package]]
name = "rust_decimal"
version = "1.36.0"
source = "registry+https://github.com/rust-lang/crates.io-index"
checksum = "b082d80e3e3cc52b2ed634388d436fe1f4de6af5786cc2de9ba9737527bdf555"
dependencies = [
 "arrayvec",
 "num-traits",
]

[[package]]
name = "scopeguard"
version = "1.2.0"
source = "registry+https://github.com/rust-lang/crates.io-index"
checksum = "94143f37725109f92c262ed2cf5e59bce7498c01bcc1502d7b9afe439a4e9f49"

[[package]]
name = "sparreal-kernel"
version = "0.8.1"
source = "registry+https://github.com/rust-lang/crates.io-index"
checksum = "4b352f2acf43028c23585e7d56501520a9bd2dcccf2a4b54aaa3b4c710507955"
dependencies = [
 "ansi_rgb",
 "anyhow",
 "buddy_system_allocator",
 "byte-unit",
 "dma-api",
 "fdt-parser",
 "lazy_static",
 "lock_api",
 "log",
 "memory_addr",
 "page-table-generic",
 "pasts",
 "rdrive",
 "rgb",
 "sparreal-macros 0.8.1",
 "spin",
 "thiserror",
]

[[package]]
name = "sparreal-macros"
version = "0.0.5"
source = "registry+https://github.com/rust-lang/crates.io-index"
checksum = "f686073b67b2427c9243bddc10ea0a6a5300ab5354a8ee884d9126854b0abab7"
dependencies = [
 "proc-macro2",
 "quote",
 "syn 2.0.96",
]

[[package]]
name = "sparreal-macros"
version = "0.8.1"
source = "registry+https://github.com/rust-lang/crates.io-index"
checksum = "d9e07124b554303aa9e00744ed8506c73c28508b77907319409311fbad8f9992"
dependencies = [
 "abi-singleton",
 "darling",
 "proc-macro2",
 "quote",
 "rdrive-macro-utils",
 "syn 2.0.96",
]

[[package]]
name = "sparreal-rt"
version = "0.8.1"
source = "registry+https://github.com/rust-lang/crates.io-index"
checksum = "5f568c5ea0022227d7271560a4de2c45f3ded2952dff0460f205e9ff5a4541d2"
dependencies = [
 "aarch64-cpu",
 "arm-gic-driver",
 "arm-pl011-rs",
 "arm_pl031",
 "bitflags",
 "buddy_system_allocator",
 "dma-api",
 "fdt-parser",
 "futures",
 "log",
 "page-table-arm",
 "page-table-generic",
 "sparreal-kernel",
 "sparreal-macros 0.8.1",
 "tock-registers",
]

[[package]]
name = "spin"
version = "0.9.8"
source = "registry+https://github.com/rust-lang/crates.io-index"
checksum = "6980e8d7511241f8acf4aebddbb1ff938df5eebe98691418c4468d0b72a96a67"
dependencies = [
 "lock_api",
]

[[package]]
name = "spin_on"
version = "0.1.1"
source = "registry+https://github.com/rust-lang/crates.io-index"
checksum = "076e103ed41b9864aa838287efe5f4e3a7a0362dd00671ae62a212e5e4612da2"
dependencies = [
 "pin-utils",
]

[[package]]
name = "strsim"
version = "0.11.1"
source = "registry+https://github.com/rust-lang/crates.io-index"
checksum = "7da8b5736845d9f2fcb837ea5d9e2628564b3b043a70948a3f0b778838c5fb4f"

[[package]]
name = "syn"
version = "1.0.109"
source = "registry+https://github.com/rust-lang/crates.io-index"
checksum = "72b64191b275b66ffe2469e8af2c1cfe3bafa67b529ead792a6d0160888b4237"
dependencies = [
 "proc-macro2",
 "quote",
 "unicode-ident",
]

[[package]]
name = "syn"
version = "2.0.96"
source = "registry+https://github.com/rust-lang/crates.io-index"
checksum = "d5d0adab1ae378d7f53bdebc67a39f1f151407ef230f0ce2883572f5d8985c80"
dependencies = [
 "proc-macro2",
 "quote",
 "unicode-ident",
]

[[package]]
name = "thiserror"
version = "2.0.11"
source = "registry+https://github.com/rust-lang/crates.io-index"
checksum = "d452f284b73e6d76dd36758a0c8684b1d5be31f92b89d07fd5822175732206fc"
dependencies = [
 "thiserror-impl",
]

[[package]]
name = "thiserror-impl"
version = "2.0.11"
source = "registry+https://github.com/rust-lang/crates.io-index"
checksum = "26afc1baea8a989337eeb52b6e72a039780ce45c3edfcc9c5b9d112feeb173c2"
dependencies = [
 "proc-macro2",
 "quote",
 "syn 2.0.96",
]

[[package]]
name = "tock-registers"
version = "0.9.0"
source = "registry+https://github.com/rust-lang/crates.io-index"
checksum = "2b9e2fdb3a1e862c0661768b7ed25390811df1947a8acbfbefe09b47078d93c4"

[[package]]
name = "unicode-ident"
version = "1.0.14"
source = "registry+https://github.com/rust-lang/crates.io-index"
checksum = "adb9e6ca4f869e1180728b7950e35922a7fc6397f7b641499e8f3ef06e50dc83"

[[package]]
name = "utf8-width"
version = "0.1.7"
source = "registry+https://github.com/rust-lang/crates.io-index"
checksum = "86bd8d4e895da8537e5315b8254664e6b769c4ff3db18321b297a1e7004392e3"

[[package]]
name = "xhci"
version = "0.9.2"
source = "registry+https://github.com/rust-lang/crates.io-index"
checksum = "09f3f0483969259f2adb6524054400d94ac352e59fa37da6c6ca3b9b3d83ff83"
dependencies = [
 "accessor",
 "bit_field",
 "num-derive",
 "num-traits",
 "paste",
]
